
Microsoft Visual Studio Solution File, Format Version 12.00
Project("{FAE04EC0-301F-11D3-BF4B-00C04F79EFBC}") = "Lombiq.EInvoiceValidator", "Lombiq.EInvoiceValidator\Lombiq.EInvoiceValidator.csproj", "{4EF9A3DA-7A31-418C-83CA-056E75C85D07}"
EndProject
Project("{FAE04EC0-301F-11D3-BF4B-00C04F79EFBC}") = "Lombiq.EInvoiceValidator.Sample", "Lombiq.EInvoiceValidator.Sample\Lombiq.EInvoiceValidator.Sample.csproj", "{5CB711FD-C84F-4549-AA15-14324CC7DB4C}"
EndProject
Global
	GlobalSection(SolutionConfigurationPlatforms) = preSolution
		Debug|Any CPU = Debug|Any CPU
		Release|Any CPU = Release|Any CPU
	EndGlobalSection
	GlobalSection(ProjectConfigurationPlatforms) = postSolution
		{4EF9A3DA-7A31-418C-83CA-056E75C85D07}.Debug|Any CPU.ActiveCfg = Debug|Any CPU
		{4EF9A3DA-7A31-418C-83CA-056E75C85D07}.Debug|Any CPU.Build.0 = Debug|Any CPU
		{4EF9A3DA-7A31-418C-83CA-056E75C85D07}.Release|Any CPU.ActiveCfg = Release|Any CPU
		{4EF9A3DA-7A31-418C-83CA-056E75C85D07}.Release|Any CPU.Build.0 = Release|Any CPU
		{5CB711FD-C84F-4549-AA15-14324CC7DB4C}.Debug|Any CPU.ActiveCfg = Debug|Any CPU
		{5CB711FD-C84F-4549-AA15-14324CC7DB4C}.Debug|Any CPU.Build.0 = Debug|Any CPU
		{5CB711FD-C84F-4549-AA15-14324CC7DB4C}.Release|Any CPU.ActiveCfg = Release|Any CPU
		{5CB711FD-C84F-4549-AA15-14324CC7DB4C}.Release|Any CPU.Build.0 = Release|Any CPU
	EndGlobalSection
EndGlobal
